
Microsoft Visual Studio Solution File, Format Version 12.00
# Visual Studio Version 17
VisualStudioVersion = 17.6.33815.320
MinimumVisualStudioVersion = 10.0.40219.1
Project("{FAE04EC0-301F-11D3-BF4B-00C04F79EFBC}") = "assessment7", "assessment7\assessment7.csproj", "{BDC1B154-ADE0-4090-BE21-730F65F09023}"
EndProject
Global
	GlobalSection(SolutionConfigurationPlatforms) = preSolution
		Debug|Any CPU = Debug|Any CPU
		Release|Any CPU = Release|Any CPU
	EndGlobalSection
	GlobalSection(ProjectConfigurationPlatforms) = postSolution
		{BDC1B154-ADE0-4090-BE21-730F65F09023}.Debug|Any CPU.ActiveCfg = Debug|Any CPU
		{BDC1B154-ADE0-4090-BE21-730F65F09023}.Debug|Any CPU.Build.0 = Debug|Any CPU
		{BDC1B154-ADE0-4090-BE21-730F65F09023}.Release|Any CPU.ActiveCfg = Release|Any CPU
		{BDC1B154-ADE0-4090-BE21-730F65F09023}.Release|Any CPU.Build.0 = Release|Any CPU
	EndGlobalSection
	GlobalSection(SolutionProperties) = preSolution
		HideSolutionNode = FALSE
	EndGlobalSection
	GlobalSection(ExtensibilityGlobals) = postSolution
		SolutionGuid = {DFE98837-C17E-49FF-BF1C-6E270EFF7F80}
	EndGlobalSection
EndGlobal
